
Microsoft Visual Studio Solution File, Format Version 12.00
# Visual Studio Version 17
VisualStudioVersion = 17.4.33213.308
MinimumVisualStudioVersion = 10.0.40219.1
Project("{FAE04EC0-301F-11D3-BF4B-00C04F79EFBC}") = "WinFormsApp1", "WinFormsApp1\WinFormsApp1.csproj", "{0E6C043C-A371-40D9-877C-935BEDBC801F}"
EndProject
Global
	GlobalSection(SolutionConfigurationPlatforms) = preSolution
		Debug|Any CPU = Debug|Any CPU
		Release|Any CPU = Release|Any CPU
	EndGlobalSection
	GlobalSection(ProjectConfigurationPlatforms) = postSolution
		{0E6C043C-A371-40D9-877C-935BEDBC801F}.Debug|Any CPU.ActiveCfg = Debug|Any CPU
		{0E6C043C-A371-40D9-877C-935BEDBC801F}.Debug|Any CPU.Build.0 = Debug|Any CPU
		{0E6C043C-A371-40D9-877C-935BEDBC801F}.Release|Any CPU.ActiveCfg = Release|Any CPU
		{0E6C043C-A371-40D9-877C-935BEDBC801F}.Release|Any CPU.Build.0 = Release|Any CPU
	EndGlobalSection
	GlobalSection(SolutionProperties) = preSolution
		HideSolutionNode = FALSE
	EndGlobalSection
	GlobalSection(ExtensibilityGlobals) = postSolution
		SolutionGuid = {CFD6A1B0-E923-4401-93FE-D291D69FF639}
	EndGlobalSection
EndGlobal
